
Microsoft Visual Studio Solution File, Format Version 12.00
# Visual Studio Version 17
VisualStudioVersion = 17.3.32929.385
MinimumVisualStudioVersion = 10.0.40219.1
Project("{FAE04EC0-301F-11D3-BF4B-00C04F79EFBC}") = "note-taking", "note-taking.csproj", "{D719BA3D-CD5D-4FF9-9AEF-3AD741D228D0}"
EndProject
Global
	GlobalSection(SolutionConfigurationPlatforms) = preSolution
		Debug|Any CPU = Debug|Any CPU
		Release|Any CPU = Release|Any CPU
	EndGlobalSection
	GlobalSection(ProjectConfigurationPlatforms) = postSolution
		{D719BA3D-CD5D-4FF9-9AEF-3AD741D228D0}.Debug|Any CPU.ActiveCfg = Debug|Any CPU
		{D719BA3D-CD5D-4FF9-9AEF-3AD741D228D0}.Debug|Any CPU.Build.0 = Debug|Any CPU
		{D719BA3D-CD5D-4FF9-9AEF-3AD741D228D0}.Release|Any CPU.ActiveCfg = Release|Any CPU
		{D719BA3D-CD5D-4FF9-9AEF-3AD741D228D0}.Release|Any CPU.Build.0 = Release|Any CPU
	EndGlobalSection
	GlobalSection(SolutionProperties) = preSolution
		HideSolutionNode = FALSE
	EndGlobalSection
	GlobalSection(ExtensibilityGlobals) = postSolution
		SolutionGuid = {766D85F0-BC06-46A3-B567-E032214AEFE3}
	EndGlobalSection
EndGlobal
